
Microsoft Visual Studio Solution File, Format Version 12.00
# Visual Studio 15
VisualStudioVersion = 15.0.26228.4
MinimumVisualStudioVersion = 10.0.40219.1
Project("{8BC9CEB8-8B4A-11D0-8D11-00A0C91BC942}") = "task1_for", "task1_for\task1_for.vcxproj", "{69A4FC8C-0421-435E-BA2B-900CAB521AC1}"
EndProject
Project("{8BC9CEB8-8B4A-11D0-8D11-00A0C91BC942}") = "task1_while", "task1_while\task1_while.vcxproj", "{F7E990A2-FF1B-444B-A7FF-E8A898EDE755}"
EndProject
Project("{8BC9CEB8-8B4A-11D0-8D11-00A0C91BC942}") = "task1_do_while", "task1_do_while\task1_do_while.vcxproj", "{9F0761A8-9BA3-40AC-ADFE-57628B087DA1}"
EndProject
Project("{8BC9CEB8-8B4A-11D0-8D11-00A0C91BC942}") = "task2_for", "task2_for\task2_for.vcxproj", "{8B722752-4289-4841-9768-15A557C4ACF7}"
EndProject
Project("{8BC9CEB8-8B4A-11D0-8D11-00A0C91BC942}") = "task2_while", "task2_while\task2_while.vcxproj", "{13925594-7ED9-4324-9807-4AC9ADEF19FD}"
EndProject
Project("{8BC9CEB8-8B4A-11D0-8D11-00A0C91BC942}") = "task2_do_while", "task2_do_while\task2_do_while.vcxproj", "{F38A30EA-40FC-449F-8A17-2924C33C7345}"
EndProject
Project("{8BC9CEB8-8B4A-11D0-8D11-00A0C91BC942}") = "task3_for", "task3_for\task3_for.vcxproj", "{E8FD69E2-AFA3-4B64-99BA-868388843B90}"
EndProject
Project("{8BC9CEB8-8B4A-11D0-8D11-00A0C91BC942}") = "task3_while", "task3_while\task3_while.vcxproj", "{CE55FA1B-7341-4F23-9FE1-8E85E10963E2}"
EndProject
Project("{8BC9CEB8-8B4A-11D0-8D11-00A0C91BC942}") = "task3_do_while", "task3_do_while\task3_do_while.vcxproj", "{5DD40D38-3648-40F3-98D8-EC9052A796B7}"
EndProject
Project("{8BC9CEB8-8B4A-11D0-8D11-00A0C91BC942}") = "task4_for", "task4_for\task4_for.vcxproj", "{61EFB150-47AF-45B2-8C17-8AE4CFDF194B}"
EndProject
Project("{8BC9CEB8-8B4A-11D0-8D11-00A0C91BC942}") = "task4_while", "task4_while\task4_while.vcxproj", "{01BD2CBD-BF4D-41C9-AF8B-2C735E215F9F}"
EndProject
Project("{8BC9CEB8-8B4A-11D0-8D11-00A0C91BC942}") = "task4_do_while", "task4_do_while\task4_do_while.vcxproj", "{FA408F49-2C04-4D6A-8D17-44BB0390C133}"
EndProject
Project("{8BC9CEB8-8B4A-11D0-8D11-00A0C91BC942}") = "task5_for", "task5_for\task5_for.vcxproj", "{F158CF66-734D-4903-9DEF-6E0AA6EF463A}"
EndProject
Project("{8BC9CEB8-8B4A-11D0-8D11-00A0C91BC942}") = "task5_while", "task5_while\task5_while.vcxproj", "{EA213FD4-C9D8-4F93-8E12-BEF03BED1D61}"
EndProject
Project("{8BC9CEB8-8B4A-11D0-8D11-00A0C91BC942}") = "task5_do_while", "task5_do_while\task5_do_while.vcxproj", "{BAF25980-93A9-4445-AD11-040C074DA1F4}"
EndProject
Project("{8BC9CEB8-8B4A-11D0-8D11-00A0C91BC942}") = "task6_for", "task6\task6.vcxproj", "{F9565B66-D99E-4480-BF80-63BB9E500D26}"
	ProjectSection(ProjectDependencies) = postProject
		{61EFB150-47AF-45B2-8C17-8AE4CFDF194B} = {61EFB150-47AF-45B2-8C17-8AE4CFDF194B}
		{8B722752-4289-4841-9768-15A557C4ACF7} = {8B722752-4289-4841-9768-15A557C4ACF7}
		{F158CF66-734D-4903-9DEF-6E0AA6EF463A} = {F158CF66-734D-4903-9DEF-6E0AA6EF463A}
		{69A4FC8C-0421-435E-BA2B-900CAB521AC1} = {69A4FC8C-0421-435E-BA2B-900CAB521AC1}
		{E8FD69E2-AFA3-4B64-99BA-868388843B90} = {E8FD69E2-AFA3-4B64-99BA-868388843B90}
	EndProjectSection
EndProject
Project("{8BC9CEB8-8B4A-11D0-8D11-00A0C91BC942}") = "task6_while", "task6_while\task6_while.vcxproj", "{036F477D-061A-45E9-B93C-5830FBF712FD}"
EndProject
Project("{8BC9CEB8-8B4A-11D0-8D11-00A0C91BC942}") = "task6_do_while", "task6_do_while\task6_do_while.vcxproj", "{11E56E28-6A61-4BFF-BB08-EBAA0E496556}"
EndProject
Global
	GlobalSection(SolutionConfigurationPlatforms) = preSolution
		Debug|x64 = Debug|x64
		Debug|x86 = Debug|x86
		Release|x64 = Release|x64
		Release|x86 = Release|x86
	EndGlobalSection
	GlobalSection(ProjectConfigurationPlatforms) = postSolution
		{69A4FC8C-0421-435E-BA2B-900CAB521AC1}.Debug|x64.ActiveCfg = Debug|x64
		{69A4FC8C-0421-435E-BA2B-900CAB521AC1}.Debug|x64.Build.0 = Debug|x64
		{69A4FC8C-0421-435E-BA2B-900CAB521AC1}.Debug|x86.ActiveCfg = Debug|Win32
		{69A4FC8C-0421-435E-BA2B-900CAB521AC1}.Debug|x86.Build.0 = Debug|Win32
		{69A4FC8C-0421-435E-BA2B-900CAB521AC1}.Release|x64.ActiveCfg = Release|x64
		{69A4FC8C-0421-435E-BA2B-900CAB521AC1}.Release|x64.Build.0 = Release|x64
		{69A4FC8C-0421-435E-BA2B-900CAB521AC1}.Release|x86.ActiveCfg = Release|Win32
		{69A4FC8C-0421-435E-BA2B-900CAB521AC1}.Release|x86.Build.0 = Release|Win32
		{F7E990A2-FF1B-444B-A7FF-E8A898EDE755}.Debug|x64.ActiveCfg = Debug|x64
		{F7E990A2-FF1B-444B-A7FF-E8A898EDE755}.Debug|x64.Build.0 = Debug|x64
		{F7E990A2-FF1B-444B-A7FF-E8A898EDE755}.Debug|x86.ActiveCfg = Debug|Win32
		{F7E990A2-FF1B-444B-A7FF-E8A898EDE755}.Debug|x86.Build.0 = Debug|Win32
		{F7E990A2-FF1B-444B-A7FF-E8A898EDE755}.Release|x64.ActiveCfg = Release|x64
		{F7E990A2-FF1B-444B-A7FF-E8A898EDE755}.Release|x64.Build.0 = Release|x64
		{F7E990A2-FF1B-444B-A7FF-E8A898EDE755}.Release|x86.ActiveCfg = Release|Win32
		{F7E990A2-FF1B-444B-A7FF-E8A898EDE755}.Release|x86.Build.0 = Release|Win32
		{9F0761A8-9BA3-40AC-ADFE-57628B087DA1}.Debug|x64.ActiveCfg = Debug|x64
		{9F0761A8-9BA3-40AC-ADFE-57628B087DA1}.Debug|x64.Build.0 = Debug|x64
		{9F0761A8-9BA3-40AC-ADFE-57628B087DA1}.Debug|x86.ActiveCfg = Debug|Win32
		{9F0761A8-9BA3-40AC-ADFE-57628B087DA1}.Debug|x86.Build.0 = Debug|Win32
		{9F0761A8-9BA3-40AC-ADFE-57628B087DA1}.Release|x64.ActiveCfg = Release|x64
		{9F0761A8-9BA3-40AC-ADFE-57628B087DA1}.Release|x64.Build.0 = Release|x64
		{9F0761A8-9BA3-40AC-ADFE-57628B087DA1}.Release|x86.ActiveCfg = Release|Win32
		{9F0761A8-9BA3-40AC-ADFE-57628B087DA1}.Release|x86.Build.0 = Release|Win32
		{8B722752-4289-4841-9768-15A557C4ACF7}.Debug|x64.ActiveCfg = Debug|x64
		{8B722752-4289-4841-9768-15A557C4ACF7}.Debug|x64.Build.0 = Debug|x64
		{8B722752-4289-4841-9768-15A557C4ACF7}.Debug|x86.ActiveCfg = Debug|Win32
		{8B722752-4289-4841-9768-15A557C4ACF7}.Debug|x86.Build.0 = Debug|Win32
		{8B722752-4289-4841-9768-15A557C4ACF7}.Release|x64.ActiveCfg = Release|x64
		{8B722752-4289-4841-9768-15A557C4ACF7}.Release|x64.Build.0 = Release|x64
		{8B722752-4289-4841-9768-15A557C4ACF7}.Release|x86.ActiveCfg = Release|Win32
		{8B722752-4289-4841-9768-15A557C4ACF7}.Release|x86.Build.0 = Release|Win32
		{13925594-7ED9-4324-9807-4AC9ADEF19FD}.Debug|x64.ActiveCfg = Debug|x64
		{13925594-7ED9-4324-9807-4AC9ADEF19FD}.Debug|x64.Build.0 = Debug|x64
		{13925594-7ED9-4324-9807-4AC9ADEF19FD}.Debug|x86.ActiveCfg = Debug|Win32
		{13925594-7ED9-4324-9807-4AC9ADEF19FD}.Debug|x86.Build.0 = Debug|Win32
		{13925594-7ED9-4324-9807-4AC9ADEF19FD}.Release|x64.ActiveCfg = Release|x64
		{13925594-7ED9-4324-9807-4AC9ADEF19FD}.Release|x64.Build.0 = Release|x64
		{13925594-7ED9-4324-9807-4AC9ADEF19FD}.Release|x86.ActiveCfg = Release|Win32
		{13925594-7ED9-4324-9807-4AC9ADEF19FD}.Release|x86.Build.0 = Release|Win32
		{F38A30EA-40FC-449F-8A17-2924C33C7345}.Debug|x64.ActiveCfg = Debug|x64
		{F38A30EA-40FC-449F-8A17-2924C33C7345}.Debug|x64.Build.0 = Debug|x64
		{F38A30EA-40FC-449F-8A17-2924C33C7345}.Debug|x86.ActiveCfg = Debug|Win32
		{F38A30EA-40FC-449F-8A17-2924C33C7345}.Debug|x86.Build.0 = Debug|Win32
		{F38A30EA-40FC-449F-8A17-2924C33C7345}.Release|x64.ActiveCfg = Release|x64
		{F38A30EA-40FC-449F-8A17-2924C33C7345}.Release|x64.Build.0 = Release|x64
		{F38A30EA-40FC-449F-8A17-2924C33C7345}.Release|x86.ActiveCfg = Release|Win32
		{F38A30EA-40FC-449F-8A17-2924C33C7345}.Release|x86.Build.0 = Release|Win32
		{E8FD69E2-AFA3-4B64-99BA-868388843B90}.Debug|x64.ActiveCfg = Debug|x64
		{E8FD69E2-AFA3-4B64-99BA-868388843B90}.Debug|x64.Build.0 = Debug|x64
		{E8FD69E2-AFA3-4B64-99BA-868388843B90}.Debug|x86.ActiveCfg = Debug|Win32
		{E8FD69E2-AFA3-4B64-99BA-868388843B90}.Debug|x86.Build.0 = Debug|Win32
		{E8FD69E2-AFA3-4B64-99BA-868388843B90}.Release|x64.ActiveCfg = Release|x64
		{E8FD69E2-AFA3-4B64-99BA-868388843B90}.Release|x64.Build.0 = Release|x64
		{E8FD69E2-AFA3-4B64-99BA-868388843B90}.Release|x86.ActiveCfg = Release|Win32
		{E8FD69E2-AFA3-4B64-99BA-868388843B90}.Release|x86.Build.0 = Release|Win32
		{CE55FA1B-7341-4F23-9FE1-8E85E10963E2}.Debug|x64.ActiveCfg = Debug|x64
		{CE55FA1B-7341-4F23-9FE1-8E85E10963E2}.Debug|x64.Build.0 = Debug|x64
		{CE55FA1B-7341-4F23-9FE1-8E85E10963E2}.Debug|x86.ActiveCfg = Debug|Win32
		{CE55FA1B-7341-4F23-9FE1-8E85E10963E2}.Debug|x86.Build.0 = Debug|Win32
		{CE55FA1B-7341-4F23-9FE1-8E85E10963E2}.Release|x64.ActiveCfg = Release|x64
		{CE55FA1B-7341-4F23-9FE1-8E85E10963E2}.Release|x64.Build.0 = Release|x64
		{CE55FA1B-7341-4F23-9FE1-8E85E10963E2}.Release|x86.ActiveCfg = Release|Win32
		{CE55FA1B-7341-4F23-9FE1-8E85E10963E2}.Release|x86.Build.0 = Release|Win32
		{5DD40D38-3648-40F3-98D8-EC9052A796B7}.Debug|x64.ActiveCfg = Debug|x64
		{5DD40D38-3648-40F3-98D8-EC9052A796B7}.Debug|x64.Build.0 = Debug|x64
		{5DD40D38-3648-40F3-98D8-EC9052A796B7}.Debug|x86.ActiveCfg = Debug|Win32
		{5DD40D38-3648-40F3-98D8-EC9052A796B7}.Debug|x86.Build.0 = Debug|Win32
		{5DD40D38-3648-40F3-98D8-EC9052A796B7}.Release|x64.ActiveCfg = Release|x64
		{5DD40D38-3648-40F3-98D8-EC9052A796B7}.Release|x64.Build.0 = Release|x64
		{5DD40D38-3648-40F3-98D8-EC9052A796B7}.Release|x86.ActiveCfg = Release|Win32
		{5DD40D38-3648-40F3-98D8-EC9052A796B7}.Release|x86.Build.0 = Release|Win32
		{61EFB150-47AF-45B2-8C17-8AE4CFDF194B}.Debug|x64.ActiveCfg = Debug|x64
		{61EFB150-47AF-45B2-8C17-8AE4CFDF194B}.Debug|x64.Build.0 = Debug|x64
		{61EFB150-47AF-45B2-8C17-8AE4CFDF194B}.Debug|x86.ActiveCfg = Debug|Win32
		{61EFB150-47AF-45B2-8C17-8AE4CFDF194B}.Debug|x86.Build.0 = Debug|Win32
		{61EFB150-47AF-45B2-8C17-8AE4CFDF194B}.Release|x64.ActiveCfg = Release|x64
		{61EFB150-47AF-45B2-8C17-8AE4CFDF194B}.Release|x64.Build.0 = Release|x64
		{61EFB150-47AF-45B2-8C17-8AE4CFDF194B}.Release|x86.ActiveCfg = Release|Win32
		{61EFB150-47AF-45B2-8C17-8AE4CFDF194B}.Release|x86.Build.0 = Release|Win32
		{01BD2CBD-BF4D-41C9-AF8B-2C735E215F9F}.Debug|x64.ActiveCfg = Debug|x64
		{01BD2CBD-BF4D-41C9-AF8B-2C735E215F9F}.Debug|x64.Build.0 = Debug|x64
		{01BD2CBD-BF4D-41C9-AF8B-2C735E215F9F}.Debug|x86.ActiveCfg = Debug|Win32
		{01BD2CBD-BF4D-41C9-AF8B-2C735E215F9F}.Debug|x86.Build.0 = Debug|Win32
		{01BD2CBD-BF4D-41C9-AF8B-2C735E215F9F}.Release|x64.ActiveCfg = Release|x64
		{01BD2CBD-BF4D-41C9-AF8B-2C735E215F9F}.Release|x64.Build.0 = Release|x64
		{01BD2CBD-BF4D-41C9-AF8B-2C735E215F9F}.Release|x86.ActiveCfg = Release|Win32
		{01BD2CBD-BF4D-41C9-AF8B-2C735E215F9F}.Release|x86.Build.0 = Release|Win32
		{FA408F49-2C04-4D6A-8D17-44BB0390C133}.Debug|x64.ActiveCfg = Debug|x64
		{FA408F49-2C04-4D6A-8D17-44BB0390C133}.Debug|x64.Build.0 = Debug|x64
		{FA408F49-2C04-4D6A-8D17-44BB0390C133}.Debug|x86.ActiveCfg = Debug|Win32
		{FA408F49-2C04-4D6A-8D17-44BB0390C133}.Debug|x86.Build.0 = Debug|Win32
		{FA408F49-2C04-4D6A-8D17-44BB0390C133}.Release|x64.ActiveCfg = Release|x64
		{FA408F49-2C04-4D6A-8D17-44BB0390C133}.Release|x64.Build.0 = Release|x64
		{FA408F49-2C04-4D6A-8D17-44BB0390C133}.Release|x86.ActiveCfg = Release|Win32
		{FA408F49-2C04-4D6A-8D17-44BB0390C133}.Release|x86.Build.0 = Release|Win32
		{F158CF66-734D-4903-9DEF-6E0AA6EF463A}.Debug|x64.ActiveCfg = Debug|x64
		{F158CF66-734D-4903-9DEF-6E0AA6EF463A}.Debug|x64.Build.0 = Debug|x64
		{F158CF66-734D-4903-9DEF-6E0AA6EF463A}.Debug|x86.ActiveCfg = Debug|Win32
		{F158CF66-734D-4903-9DEF-6E0AA6EF463A}.Debug|x86.Build.0 = Debug|Win32
		{F158CF66-734D-4903-9DEF-6E0AA6EF463A}.Release|x64.ActiveCfg = Release|x64
		{F158CF66-734D-4903-9DEF-6E0AA6EF463A}.Release|x64.Build.0 = Release|x64
		{F158CF66-734D-4903-9DEF-6E0AA6EF463A}.Release|x86.ActiveCfg = Release|Win32
		{F158CF66-734D-4903-9DEF-6E0AA6EF463A}.Release|x86.Build.0 = Release|Win32
		{EA213FD4-C9D8-4F93-8E12-BEF03BED1D61}.Debug|x64.ActiveCfg = Debug|x64
		{EA213FD4-C9D8-4F93-8E12-BEF03BED1D61}.Debug|x64.Build.0 = Debug|x64
		{EA213FD4-C9D8-4F93-8E12-BEF03BED1D61}.Debug|x86.ActiveCfg = Debug|Win32
		{EA213FD4-C9D8-4F93-8E12-BEF03BED1D61}.Debug|x86.Build.0 = Debug|Win32
		{EA213FD4-C9D8-4F93-8E12-BEF03BED1D61}.Release|x64.ActiveCfg = Release|x64
		{EA213FD4-C9D8-4F93-8E12-BEF03BED1D61}.Release|x64.Build.0 = Release|x64
		{EA213FD4-C9D8-4F93-8E12-BEF03BED1D61}.Release|x86.ActiveCfg = Release|Win32
		{EA213FD4-C9D8-4F93-8E12-BEF03BED1D61}.Release|x86.Build.0 = Release|Win32
		{BAF25980-93A9-4445-AD11-040C074DA1F4}.Debug|x64.ActiveCfg = Debug|x64
		{BAF25980-93A9-4445-AD11-040C074DA1F4}.Debug|x64.Build.0 = Debug|x64
		{BAF25980-93A9-4445-AD11-040C074DA1F4}.Debug|x86.ActiveCfg = Debug|Win32
		{BAF25980-93A9-4445-AD11-040C074DA1F4}.Debug|x86.Build.0 = Debug|Win32
		{BAF25980-93A9-4445-AD11-040C074DA1F4}.Release|x64.ActiveCfg = Release|x64
		{BAF25980-93A9-4445-AD11-040C074DA1F4}.Release|x64.Build.0 = Release|x64
		{BAF25980-93A9-4445-AD11-040C074DA1F4}.Release|x86.ActiveCfg = Release|Win32
		{BAF25980-93A9-4445-AD11-040C074DA1F4}.Release|x86.Build.0 = Release|Win32
		{F9565B66-D99E-4480-BF80-63BB9E500D26}.Debug|x64.ActiveCfg = Debug|x64
		{F9565B66-D99E-4480-BF80-63BB9E500D26}.Debug|x64.Build.0 = Debug|x64
		{F9565B66-D99E-4480-BF80-63BB9E500D26}.Debug|x86.ActiveCfg = Debug|Win32
		{F9565B66-D99E-4480-BF80-63BB9E500D26}.Debug|x86.Build.0 = Debug|Win32
		{F9565B66-D99E-4480-BF80-63BB9E500D26}.Release|x64.ActiveCfg = Release|x64
		{F9565B66-D99E-4480-BF80-63BB9E500D26}.Release|x64.Build.0 = Release|x64
		{F9565B66-D99E-4480-BF80-63BB9E500D26}.Release|x86.ActiveCfg = Release|Win32
		{F9565B66-D99E-4480-BF80-63BB9E500D26}.Release|x86.Build.0 = Release|Win32
		{036F477D-061A-45E9-B93C-5830FBF712FD}.Debug|x64.ActiveCfg = Debug|x64
		{036F477D-061A-45E9-B93C-5830FBF712FD}.Debug|x64.Build.0 = Debug|x64
		{036F477D-061A-45E9-B93C-5830FBF712FD}.Debug|x86.ActiveCfg = Debug|Win32
		{036F477D-061A-45E9-B93C-5830FBF712FD}.Debug|x86.Build.0 = Debug|Win32
		{036F477D-061A-45E9-B93C-5830FBF712FD}.Release|x64.ActiveCfg = Release|x64
		{036F477D-061A-45E9-B93C-5830FBF712FD}.Release|x64.Build.0 = Release|x64
		{036F477D-061A-45E9-B93C-5830FBF712FD}.Release|x86.ActiveCfg = Release|Win32
		{036F477D-061A-45E9-B93C-5830FBF712FD}.Release|x86.Build.0 = Release|Win32
		{11E56E28-6A61-4BFF-BB08-EBAA0E496556}.Debug|x64.ActiveCfg = Debug|x64
		{11E56E28-6A61-4BFF-BB08-EBAA0E496556}.Debug|x64.Build.0 = Debug|x64
		{11E56E28-6A61-4BFF-BB08-EBAA0E496556}.Debug|x86.ActiveCfg = Debug|Win32
		{11E56E28-6A61-4BFF-BB08-EBAA0E496556}.Debug|x86.Build.0 = Debug|Win32
		{11E56E28-6A61-4BFF-BB08-EBAA0E496556}.Release|x64.ActiveCfg = Release|x64
		{11E56E28-6A61-4BFF-BB08-EBAA0E496556}.Release|x64.Build.0 = Release|x64
		{11E56E28-6A61-4BFF-BB08-EBAA0E496556}.Release|x86.ActiveCfg = Release|Win32
		{11E56E28-6A61-4BFF-BB08-EBAA0E496556}.Release|x86.Build.0 = Release|Win32
	EndGlobalSection
	GlobalSection(SolutionProperties) = preSolution
		HideSolutionNode = FALSE
	EndGlobalSection
EndGlobal
