
Microsoft Visual Studio Solution File, Format Version 12.00
# Visual Studio 15
VisualStudioVersion = 15.0.26228.4
MinimumVisualStudioVersion = 10.0.40219.1
Project("{8BC9CEB8-8B4A-11D0-8D11-00A0C91BC942}") = "task1", "Lab1\Lab1.vcxproj", "{CEE7157D-CD96-4865-BE4C-9475D60C35AE}"
EndProject
Project("{8BC9CEB8-8B4A-11D0-8D11-00A0C91BC942}") = "task2", "task2\task2.vcxproj", "{CD73A603-A0ED-41C2-83F2-E7FEB46097A1}"
EndProject
Project("{8BC9CEB8-8B4A-11D0-8D11-00A0C91BC942}") = "task3", "task3\task3.vcxproj", "{3861CE54-53C8-4986-8353-77B5648E471C}"
EndProject
Project("{8BC9CEB8-8B4A-11D0-8D11-00A0C91BC942}") = "task4", "task4\task4.vcxproj", "{49C81C6A-8B22-48C1-BA37-74D4931921E3}"
EndProject
Project("{8BC9CEB8-8B4A-11D0-8D11-00A0C91BC942}") = "task5", "task5\task5.vcxproj", "{A4D54E03-13F3-4478-9392-A0745672316D}"
EndProject
Project("{8BC9CEB8-8B4A-11D0-8D11-00A0C91BC942}") = "task6", "task6\task6.vcxproj", "{606D1127-E3BA-4129-AFC8-43A72C8AED7F}"
EndProject
Project("{8BC9CEB8-8B4A-11D0-8D11-00A0C91BC942}") = "task7", "task7\task7.vcxproj", "{B445F9FD-FA58-4A5B-9F93-F3590FA3CBE2}"
EndProject
Project("{8BC9CEB8-8B4A-11D0-8D11-00A0C91BC942}") = "task8_lib", "task8_lib\task8_lib.vcxproj", "{86CD9F7C-B540-4CC7-8E2A-B26CE4C19807}"
EndProject
Project("{8BC9CEB8-8B4A-11D0-8D11-00A0C91BC942}") = "task8_exe", "task8_exe\task8_exe.vcxproj", "{4F4A1305-F685-49A3-B215-F5A81E66A18A}"
EndProject
Global
	GlobalSection(SolutionConfigurationPlatforms) = preSolution
		Debug|x64 = Debug|x64
		Debug|x86 = Debug|x86
		Release|x64 = Release|x64
		Release|x86 = Release|x86
	EndGlobalSection
	GlobalSection(ProjectConfigurationPlatforms) = postSolution
		{CEE7157D-CD96-4865-BE4C-9475D60C35AE}.Debug|x64.ActiveCfg = Debug|x64
		{CEE7157D-CD96-4865-BE4C-9475D60C35AE}.Debug|x64.Build.0 = Debug|x64
		{CEE7157D-CD96-4865-BE4C-9475D60C35AE}.Debug|x86.ActiveCfg = Debug|Win32
		{CEE7157D-CD96-4865-BE4C-9475D60C35AE}.Debug|x86.Build.0 = Debug|Win32
		{CEE7157D-CD96-4865-BE4C-9475D60C35AE}.Release|x64.ActiveCfg = Release|x64
		{CEE7157D-CD96-4865-BE4C-9475D60C35AE}.Release|x64.Build.0 = Release|x64
		{CEE7157D-CD96-4865-BE4C-9475D60C35AE}.Release|x86.ActiveCfg = Release|Win32
		{CEE7157D-CD96-4865-BE4C-9475D60C35AE}.Release|x86.Build.0 = Release|Win32
		{CD73A603-A0ED-41C2-83F2-E7FEB46097A1}.Debug|x64.ActiveCfg = Debug|x64
		{CD73A603-A0ED-41C2-83F2-E7FEB46097A1}.Debug|x64.Build.0 = Debug|x64
		{CD73A603-A0ED-41C2-83F2-E7FEB46097A1}.Debug|x86.ActiveCfg = Debug|Win32
		{CD73A603-A0ED-41C2-83F2-E7FEB46097A1}.Debug|x86.Build.0 = Debug|Win32
		{CD73A603-A0ED-41C2-83F2-E7FEB46097A1}.Release|x64.ActiveCfg = Release|x64
		{CD73A603-A0ED-41C2-83F2-E7FEB46097A1}.Release|x64.Build.0 = Release|x64
		{CD73A603-A0ED-41C2-83F2-E7FEB46097A1}.Release|x86.ActiveCfg = Release|Win32
		{CD73A603-A0ED-41C2-83F2-E7FEB46097A1}.Release|x86.Build.0 = Release|Win32
		{3861CE54-53C8-4986-8353-77B5648E471C}.Debug|x64.ActiveCfg = Debug|x64
		{3861CE54-53C8-4986-8353-77B5648E471C}.Debug|x64.Build.0 = Debug|x64
		{3861CE54-53C8-4986-8353-77B5648E471C}.Debug|x86.ActiveCfg = Debug|Win32
		{3861CE54-53C8-4986-8353-77B5648E471C}.Debug|x86.Build.0 = Debug|Win32
		{3861CE54-53C8-4986-8353-77B5648E471C}.Release|x64.ActiveCfg = Release|x64
		{3861CE54-53C8-4986-8353-77B5648E471C}.Release|x64.Build.0 = Release|x64
		{3861CE54-53C8-4986-8353-77B5648E471C}.Release|x86.ActiveCfg = Release|Win32
		{3861CE54-53C8-4986-8353-77B5648E471C}.Release|x86.Build.0 = Release|Win32
		{49C81C6A-8B22-48C1-BA37-74D4931921E3}.Debug|x64.ActiveCfg = Debug|x64
		{49C81C6A-8B22-48C1-BA37-74D4931921E3}.Debug|x64.Build.0 = Debug|x64
		{49C81C6A-8B22-48C1-BA37-74D4931921E3}.Debug|x86.ActiveCfg = Debug|Win32
		{49C81C6A-8B22-48C1-BA37-74D4931921E3}.Debug|x86.Build.0 = Debug|Win32
		{49C81C6A-8B22-48C1-BA37-74D4931921E3}.Release|x64.ActiveCfg = Release|x64
		{49C81C6A-8B22-48C1-BA37-74D4931921E3}.Release|x64.Build.0 = Release|x64
		{49C81C6A-8B22-48C1-BA37-74D4931921E3}.Release|x86.ActiveCfg = Release|Win32
		{49C81C6A-8B22-48C1-BA37-74D4931921E3}.Release|x86.Build.0 = Release|Win32
		{A4D54E03-13F3-4478-9392-A0745672316D}.Debug|x64.ActiveCfg = Debug|x64
		{A4D54E03-13F3-4478-9392-A0745672316D}.Debug|x64.Build.0 = Debug|x64
		{A4D54E03-13F3-4478-9392-A0745672316D}.Debug|x86.ActiveCfg = Debug|Win32
		{A4D54E03-13F3-4478-9392-A0745672316D}.Debug|x86.Build.0 = Debug|Win32
		{A4D54E03-13F3-4478-9392-A0745672316D}.Release|x64.ActiveCfg = Release|x64
		{A4D54E03-13F3-4478-9392-A0745672316D}.Release|x64.Build.0 = Release|x64
		{A4D54E03-13F3-4478-9392-A0745672316D}.Release|x86.ActiveCfg = Release|Win32
		{A4D54E03-13F3-4478-9392-A0745672316D}.Release|x86.Build.0 = Release|Win32
		{606D1127-E3BA-4129-AFC8-43A72C8AED7F}.Debug|x64.ActiveCfg = Debug|x64
		{606D1127-E3BA-4129-AFC8-43A72C8AED7F}.Debug|x64.Build.0 = Debug|x64
		{606D1127-E3BA-4129-AFC8-43A72C8AED7F}.Debug|x86.ActiveCfg = Debug|Win32
		{606D1127-E3BA-4129-AFC8-43A72C8AED7F}.Debug|x86.Build.0 = Debug|Win32
		{606D1127-E3BA-4129-AFC8-43A72C8AED7F}.Release|x64.ActiveCfg = Release|x64
		{606D1127-E3BA-4129-AFC8-43A72C8AED7F}.Release|x64.Build.0 = Release|x64
		{606D1127-E3BA-4129-AFC8-43A72C8AED7F}.Release|x86.ActiveCfg = Release|Win32
		{606D1127-E3BA-4129-AFC8-43A72C8AED7F}.Release|x86.Build.0 = Release|Win32
		{B445F9FD-FA58-4A5B-9F93-F3590FA3CBE2}.Debug|x64.ActiveCfg = Debug|x64
		{B445F9FD-FA58-4A5B-9F93-F3590FA3CBE2}.Debug|x64.Build.0 = Debug|x64
		{B445F9FD-FA58-4A5B-9F93-F3590FA3CBE2}.Debug|x86.ActiveCfg = Debug|Win32
		{B445F9FD-FA58-4A5B-9F93-F3590FA3CBE2}.Debug|x86.Build.0 = Debug|Win32
		{B445F9FD-FA58-4A5B-9F93-F3590FA3CBE2}.Release|x64.ActiveCfg = Release|x64
		{B445F9FD-FA58-4A5B-9F93-F3590FA3CBE2}.Release|x64.Build.0 = Release|x64
		{B445F9FD-FA58-4A5B-9F93-F3590FA3CBE2}.Release|x86.ActiveCfg = Release|Win32
		{B445F9FD-FA58-4A5B-9F93-F3590FA3CBE2}.Release|x86.Build.0 = Release|Win32
		{86CD9F7C-B540-4CC7-8E2A-B26CE4C19807}.Debug|x64.ActiveCfg = Debug|x64
		{86CD9F7C-B540-4CC7-8E2A-B26CE4C19807}.Debug|x64.Build.0 = Debug|x64
		{86CD9F7C-B540-4CC7-8E2A-B26CE4C19807}.Debug|x86.ActiveCfg = Debug|Win32
		{86CD9F7C-B540-4CC7-8E2A-B26CE4C19807}.Debug|x86.Build.0 = Debug|Win32
		{86CD9F7C-B540-4CC7-8E2A-B26CE4C19807}.Release|x64.ActiveCfg = Release|x64
		{86CD9F7C-B540-4CC7-8E2A-B26CE4C19807}.Release|x64.Build.0 = Release|x64
		{86CD9F7C-B540-4CC7-8E2A-B26CE4C19807}.Release|x86.ActiveCfg = Release|Win32
		{86CD9F7C-B540-4CC7-8E2A-B26CE4C19807}.Release|x86.Build.0 = Release|Win32
		{4F4A1305-F685-49A3-B215-F5A81E66A18A}.Debug|x64.ActiveCfg = Debug|x64
		{4F4A1305-F685-49A3-B215-F5A81E66A18A}.Debug|x64.Build.0 = Debug|x64
		{4F4A1305-F685-49A3-B215-F5A81E66A18A}.Debug|x86.ActiveCfg = Debug|Win32
		{4F4A1305-F685-49A3-B215-F5A81E66A18A}.Debug|x86.Build.0 = Debug|Win32
		{4F4A1305-F685-49A3-B215-F5A81E66A18A}.Release|x64.ActiveCfg = Release|x64
		{4F4A1305-F685-49A3-B215-F5A81E66A18A}.Release|x64.Build.0 = Release|x64
		{4F4A1305-F685-49A3-B215-F5A81E66A18A}.Release|x86.ActiveCfg = Release|Win32
		{4F4A1305-F685-49A3-B215-F5A81E66A18A}.Release|x86.Build.0 = Release|Win32
	EndGlobalSection
	GlobalSection(SolutionProperties) = preSolution
		HideSolutionNode = FALSE
	EndGlobalSection
EndGlobal
